
Microsoft Visual Studio Solution File, Format Version 12.00
# Visual Studio 15
VisualStudioVersion = 15.0.27130.2024
MinimumVisualStudioVersion = 10.0.40219.1
Project("{FAE04EC0-301F-11D3-BF4B-00C04F79EFBC}") = "ObjectOrientedProgrameBasics", "ObjectOrientedProgrameBasics\ObjectOrientedProgrameBasics.csproj", "{AD22F1EE-8D78-4DFA-A84D-FD6ACDA3BAA3}"
EndProject
Global
	GlobalSection(SolutionConfigurationPlatforms) = preSolution
		Debug|Any CPU = Debug|Any CPU
		Release|Any CPU = Release|Any CPU
	EndGlobalSection
	GlobalSection(ProjectConfigurationPlatforms) = postSolution
		{AD22F1EE-8D78-4DFA-A84D-FD6ACDA3BAA3}.Debug|Any CPU.ActiveCfg = Debug|Any CPU
		{AD22F1EE-8D78-4DFA-A84D-FD6ACDA3BAA3}.Debug|Any CPU.Build.0 = Debug|Any CPU
		{AD22F1EE-8D78-4DFA-A84D-FD6ACDA3BAA3}.Release|Any CPU.ActiveCfg = Release|Any CPU
		{AD22F1EE-8D78-4DFA-A84D-FD6ACDA3BAA3}.Release|Any CPU.Build.0 = Release|Any CPU
	EndGlobalSection
	GlobalSection(SolutionProperties) = preSolution
		HideSolutionNode = FALSE
	EndGlobalSection
	GlobalSection(ExtensibilityGlobals) = postSolution
		SolutionGuid = {8F6598E6-B340-4239-873B-D2C0A259299E}
	EndGlobalSection
EndGlobal
