
Microsoft Visual Studio Solution File, Format Version 12.00
# Visual Studio 15
VisualStudioVersion = 15.0.27130.2024
MinimumVisualStudioVersion = 10.0.40219.1
Project("{FAE04EC0-301F-11D3-BF4B-00C04F79EFBC}") = "Expressionss And Operators", "Expressionss And Operators\Expressionss And Operators.csproj", "{7FD9F327-8D3F-424E-8F59-EFD99FF46799}"
EndProject
Global
	GlobalSection(SolutionConfigurationPlatforms) = preSolution
		Debug|Any CPU = Debug|Any CPU
		Release|Any CPU = Release|Any CPU
	EndGlobalSection
	GlobalSection(ProjectConfigurationPlatforms) = postSolution
		{7FD9F327-8D3F-424E-8F59-EFD99FF46799}.Debug|Any CPU.ActiveCfg = Debug|Any CPU
		{7FD9F327-8D3F-424E-8F59-EFD99FF46799}.Debug|Any CPU.Build.0 = Debug|Any CPU
		{7FD9F327-8D3F-424E-8F59-EFD99FF46799}.Release|Any CPU.ActiveCfg = Release|Any CPU
		{7FD9F327-8D3F-424E-8F59-EFD99FF46799}.Release|Any CPU.Build.0 = Release|Any CPU
	EndGlobalSection
	GlobalSection(SolutionProperties) = preSolution
		HideSolutionNode = FALSE
	EndGlobalSection
	GlobalSection(ExtensibilityGlobals) = postSolution
		SolutionGuid = {EB501451-2710-45C2-A92B-E7DE9D848C63}
	EndGlobalSection
EndGlobal
